
Microsoft Visual Studio Solution File, Format Version 12.00
# Visual Studio 15
Project("{FAE04EC0-301F-11D3-BF4B-00C04F79EFBC}") = "Unity.Timeline", "Unity.Timeline.csproj", "{6A021FD1-6F05-E3D8-A9FF-152FCD3CA01C}"
EndProject
Project("{FAE04EC0-301F-11D3-BF4B-00C04F79EFBC}") = "Unity.VisualEffectGraph.Editor", "Unity.VisualEffectGraph.Editor.csproj", "{A3AA9E35-4FA8-8FFA-1C2F-347225795331}"
EndProject
Project("{FAE04EC0-301F-11D3-BF4B-00C04F79EFBC}") = "Unity.ShaderGraph.Editor", "Unity.ShaderGraph.Editor.csproj", "{C6C50413-120D-EE89-7C54-D7D6E5FE9BF2}"
EndProject
Project("{FAE04EC0-301F-11D3-BF4B-00C04F79EFBC}") = "Assembly-CSharp-Editor", "Assembly-CSharp-Editor.csproj", "{9A8B21AE-3043-D115-FFAB-5CED5CCC2870}"
EndProject
Project("{FAE04EC0-301F-11D3-BF4B-00C04F79EFBC}") = "Unity.VisualScripting.Flow", "Unity.VisualScripting.Flow.csproj", "{5FC9F943-AF40-D1FC-B0B7-AB5083624574}"
EndProject
Project("{FAE04EC0-301F-11D3-BF4B-00C04F79EFBC}") = "Unity.RenderPipelines.Universal.Runtime", "Unity.RenderPipelines.Universal.Runtime.csproj", "{EF5AAEDA-6AE8-0283-D4C5-E4D9652B2C6A}"
EndProject
Project("{FAE04EC0-301F-11D3-BF4B-00C04F79EFBC}") = "UnityEditor.UI", "UnityEditor.UI.csproj", "{8406AB5A-48DD-37F3-2C4B-2F4FCAC5CA0A}"
EndProject
Project("{FAE04EC0-301F-11D3-BF4B-00C04F79EFBC}") = "Unity.Timeline.Editor", "Unity.Timeline.Editor.csproj", "{A89046FC-5026-2C43-2FFE-D0C3CA39899E}"
EndProject
Project("{FAE04EC0-301F-11D3-BF4B-00C04F79EFBC}") = "Unity.PlasticSCM.Editor", "Unity.PlasticSCM.Editor.csproj", "{EF254CB0-7B18-D53B-6D5A-8ECD057F7CA2}"
EndProject
Project("{FAE04EC0-301F-11D3-BF4B-00C04F79EFBC}") = "Unity.RenderPipelines.Core.Runtime", "Unity.RenderPipelines.Core.Runtime.csproj", "{3CE42671-459D-019F-59DE-619477C6D1C3}"
EndProject
Project("{FAE04EC0-301F-11D3-BF4B-00C04F79EFBC}") = "Unity.Mathematics", "Unity.Mathematics.csproj", "{4E90D988-C63F-8508-331E-E3AB393F4002}"
EndProject
Project("{FAE04EC0-301F-11D3-BF4B-00C04F79EFBC}") = "Unity.RenderPipelines.Core.Editor", "Unity.RenderPipelines.Core.Editor.csproj", "{65EBF9F0-9385-1283-75BD-7131E13DEB42}"
EndProject
Project("{FAE04EC0-301F-11D3-BF4B-00C04F79EFBC}") = "Unity.VisualScripting.Core.Editor", "Unity.VisualScripting.Core.Editor.csproj", "{C144C719-85CB-947C-C698-F25E37277433}"
EndProject
Project("{FAE04EC0-301F-11D3-BF4B-00C04F79EFBC}") = "UnityEditor.TestRunner", "UnityEditor.TestRunner.csproj", "{6A08E5F5-3E7A-A12F-DD55-F2539EB69A68}"
EndProject
Project("{FAE04EC0-301F-11D3-BF4B-00C04F79EFBC}") = "Unity.RenderPipelines.Universal.Editor", "Unity.RenderPipelines.Universal.Editor.csproj", "{1B340EEF-01EA-5034-9F12-E8450B6F04EE}"
EndProject
Project("{FAE04EC0-301F-11D3-BF4B-00C04F79EFBC}") = "Unity.TextMeshPro.Editor", "Unity.TextMeshPro.Editor.csproj", "{39FECD0B-3DDF-C8A5-E977-606F1072B3BA}"
EndProject
Project("{FAE04EC0-301F-11D3-BF4B-00C04F79EFBC}") = "Unity.VisualScripting.Flow.Editor", "Unity.VisualScripting.Flow.Editor.csproj", "{31E59832-A67B-7EF5-08DD-5333B5182223}"
EndProject
Project("{FAE04EC0-301F-11D3-BF4B-00C04F79EFBC}") = "UnityEngine.TestRunner", "UnityEngine.TestRunner.csproj", "{B3E721BE-75B7-BA4D-7047-5DBCAA499444}"
EndProject
Project("{FAE04EC0-301F-11D3-BF4B-00C04F79EFBC}") = "Unity.VisualScripting.Core", "Unity.VisualScripting.Core.csproj", "{A2E851C7-7231-A4B8-0D82-F3B305F9D466}"
EndProject
Project("{FAE04EC0-301F-11D3-BF4B-00C04F79EFBC}") = "Unity.Searcher.Editor", "Unity.Searcher.Editor.csproj", "{EB7A84EA-565F-C9E7-541C-972CD55387C0}"
EndProject
Project("{FAE04EC0-301F-11D3-BF4B-00C04F79EFBC}") = "Unity.Burst", "Unity.Burst.csproj", "{CB125186-1AB2-C1B9-2165-716943EA3A92}"
EndProject
Project("{FAE04EC0-301F-11D3-BF4B-00C04F79EFBC}") = "Assembly-CSharp", "Assembly-CSharp.csproj", "{50DC107C-B3A4-F0C4-4EFE-26B9F73C5F2F}"
EndProject
Project("{FAE04EC0-301F-11D3-BF4B-00C04F79EFBC}") = "Unity.AI.Navigation.Editor", "Unity.AI.Navigation.Editor.csproj", "{8AEF4A9C-C0F7-2A83-0C41-940E16EA05F4}"
EndProject
Project("{FAE04EC0-301F-11D3-BF4B-00C04F79EFBC}") = "Cinemachine", "Cinemachine.csproj", "{03A701D7-AEF0-C01A-E83B-5199EAF706C5}"
EndProject
Project("{FAE04EC0-301F-11D3-BF4B-00C04F79EFBC}") = "Unity.VisualStudio.Editor", "Unity.VisualStudio.Editor.csproj", "{67FB9BF8-9C7D-EB8A-F33E-9D8CE0708EB6}"
EndProject
Project("{FAE04EC0-301F-11D3-BF4B-00C04F79EFBC}") = "PPv2URPConverters", "PPv2URPConverters.csproj", "{EFC1A9DB-BFC6-044D-5D09-A15F63AFA566}"
EndProject
Project("{FAE04EC0-301F-11D3-BF4B-00C04F79EFBC}") = "Unity.TestTools.CodeCoverage.Editor.OpenCover.Model", "Unity.TestTools.CodeCoverage.Editor.OpenCover.Model.csproj", "{EC66F1F2-E3E2-44AD-7AB5-0A36243652D8}"
EndProject
Project("{FAE04EC0-301F-11D3-BF4B-00C04F79EFBC}") = "Unity.Rider.Editor", "Unity.Rider.Editor.csproj", "{25A9128A-61B8-894A-22D7-39D56C530501}"
EndProject
Project("{FAE04EC0-301F-11D3-BF4B-00C04F79EFBC}") = "Unity.VisualEffectGraph.Runtime", "Unity.VisualEffectGraph.Runtime.csproj", "{3015D718-2CD3-FBCF-12AD-CF7845163468}"
EndProject
Project("{FAE04EC0-301F-11D3-BF4B-00C04F79EFBC}") = "Unity.AI.Navigation.Editor.ConversionSystem", "Unity.AI.Navigation.Editor.ConversionSystem.csproj", "{BB7E427B-8F2A-165C-122C-B0B59C1E0DD7}"
EndProject
Project("{FAE04EC0-301F-11D3-BF4B-00C04F79EFBC}") = "Unity.VisualScripting.State.Editor", "Unity.VisualScripting.State.Editor.csproj", "{5DB91A35-3D65-AF03-46EE-250C930071EC}"
EndProject
Project("{FAE04EC0-301F-11D3-BF4B-00C04F79EFBC}") = "com.unity.cinemachine.editor", "com.unity.cinemachine.editor.csproj", "{C286AD42-6147-3708-3C47-74AB076F0C6A}"
EndProject
Project("{FAE04EC0-301F-11D3-BF4B-00C04F79EFBC}") = "UnityEngine.UI", "UnityEngine.UI.csproj", "{C8C0F8D9-A1F2-C4CC-656D-8E110A226D9B}"
EndProject
Project("{FAE04EC0-301F-11D3-BF4B-00C04F79EFBC}") = "Unity.TestTools.CodeCoverage.Editor", "Unity.TestTools.CodeCoverage.Editor.csproj", "{6888F573-4367-4200-683D-224F549BB2C5}"
EndProject
Project("{FAE04EC0-301F-11D3-BF4B-00C04F79EFBC}") = "Unity.Burst.CodeGen", "Unity.Burst.CodeGen.csproj", "{4FAD637C-CB7A-A021-024A-950586F6AFEA}"
EndProject
Project("{FAE04EC0-301F-11D3-BF4B-00C04F79EFBC}") = "Unity.Postprocessing.Runtime", "Unity.Postprocessing.Runtime.csproj", "{3D82CD34-4A52-6A06-4E10-9245421327EF}"
EndProject
Project("{FAE04EC0-301F-11D3-BF4B-00C04F79EFBC}") = "Unity.RenderPipeline.Universal.ShaderLibrary", "Unity.RenderPipeline.Universal.ShaderLibrary.csproj", "{A275C388-AD31-6187-5EAA-27D469CE5E57}"
EndProject
Project("{FAE04EC0-301F-11D3-BF4B-00C04F79EFBC}") = "Unity.Postprocessing.Editor", "Unity.Postprocessing.Editor.csproj", "{34C0F08C-664A-DFC5-845A-188B2AAC5D57}"
EndProject
Project("{FAE04EC0-301F-11D3-BF4B-00C04F79EFBC}") = "Unity.AI.Navigation", "Unity.AI.Navigation.csproj", "{9050B969-6DC9-4881-095D-2C72CA6A2045}"
EndProject
Project("{FAE04EC0-301F-11D3-BF4B-00C04F79EFBC}") = "Unity.VisualScripting.State", "Unity.VisualScripting.State.csproj", "{0E41C74D-DD92-237E-C2AF-534FA1F86BC1}"
EndProject
Project("{FAE04EC0-301F-11D3-BF4B-00C04F79EFBC}") = "Unity.TextMeshPro", "Unity.TextMeshPro.csproj", "{33CE5E1D-8674-ED4A-9124-A7709A06588C}"
EndProject
Project("{FAE04EC0-301F-11D3-BF4B-00C04F79EFBC}") = "Unity.Performance.Profile-Analyzer.Editor", "Unity.Performance.Profile-Analyzer.Editor.csproj", "{B7F13137-8174-EFDA-CE90-A6D49079E1B5}"
EndProject
Project("{FAE04EC0-301F-11D3-BF4B-00C04F79EFBC}") = "Unity.VisualScripting.SettingsProvider.Editor", "Unity.VisualScripting.SettingsProvider.Editor.csproj", "{7257152D-A0E6-0886-A778-C8FEC99BB33A}"
EndProject
Project("{FAE04EC0-301F-11D3-BF4B-00C04F79EFBC}") = "Unity.VSCode.Editor", "Unity.VSCode.Editor.csproj", "{2F945CDC-4AE4-0F94-E18E-29BA5FE4531B}"
EndProject
Project("{FAE04EC0-301F-11D3-BF4B-00C04F79EFBC}") = "Unity.Burst.Editor", "Unity.Burst.Editor.csproj", "{9B583ECE-8FFA-F93E-090E-DFD5525F38BE}"
EndProject
Project("{FAE04EC0-301F-11D3-BF4B-00C04F79EFBC}") = "Unity.TestTools.CodeCoverage.Editor.OpenCover.Mono.Reflection", "Unity.TestTools.CodeCoverage.Editor.OpenCover.Mono.Reflection.csproj", "{2E5515E0-2C95-A7A3-84DB-01881F4F83BD}"
EndProject
Project("{FAE04EC0-301F-11D3-BF4B-00C04F79EFBC}") = "Unity.AI.Navigation.Updater", "Unity.AI.Navigation.Updater.csproj", "{37D3E961-67E9-B568-C6D3-2432E17CBB3A}"
EndProject
Project("{FAE04EC0-301F-11D3-BF4B-00C04F79EFBC}") = "Unity.Settings.Editor", "Unity.Settings.Editor.csproj", "{14796BBB-ECB9-0E38-DB9C-4D686AEAEDB6}"
EndProject
Project("{FAE04EC0-301F-11D3-BF4B-00C04F79EFBC}") = "Unity.2D.Sprite.Editor", "Unity.2D.Sprite.Editor.csproj", "{1E1C5734-4DF1-42A9-CEB1-55F345B310D7}"
EndProject
Project("{FAE04EC0-301F-11D3-BF4B-00C04F79EFBC}") = "Unity.Mathematics.Editor", "Unity.Mathematics.Editor.csproj", "{6497921C-E6FA-4D32-35F3-F41B7F33E646}"
EndProject
Project("{FAE04EC0-301F-11D3-BF4B-00C04F79EFBC}") = "Unity.ShaderGraph.Utilities", "Unity.ShaderGraph.Utilities.csproj", "{A69F930D-4547-3637-6B72-3FE8269286AA}"
EndProject
Project("{FAE04EC0-301F-11D3-BF4B-00C04F79EFBC}") = "Unity.VisualScripting.Shared.Editor", "Unity.VisualScripting.Shared.Editor.csproj", "{E465B723-7485-B95F-7B71-D084E7916E7D}"
EndProject
Project("{FAE04EC0-301F-11D3-BF4B-00C04F79EFBC}") = "Unity.EditorCoroutines.Editor", "Unity.EditorCoroutines.Editor.csproj", "{88A0EEF8-52F8-636C-BCBC-ACF6D1F780CF}"
EndProject
Project("{FAE04EC0-301F-11D3-BF4B-00C04F79EFBC}") = "Unity.RenderPipelines.Universal.Config.Runtime", "Unity.RenderPipelines.Universal.Config.Runtime.csproj", "{6397BC7A-1A70-6D5C-42E9-48CF5B972420}"
EndProject
Project("{FAE04EC0-301F-11D3-BF4B-00C04F79EFBC}") = "Unity.CollabProxy.Editor", "Unity.CollabProxy.Editor.csproj", "{2F129220-70C7-2536-1919-197756F940CB}"
EndProject
Project("{FAE04EC0-301F-11D3-BF4B-00C04F79EFBC}") = "Unity.RenderPipelines.ShaderGraph.ShaderGraphLibrary", "Unity.RenderPipelines.ShaderGraph.ShaderGraphLibrary.csproj", "{F902B7F9-1B38-81D6-F4B3-43A55D65A96F}"
EndProject
Project("{FAE04EC0-301F-11D3-BF4B-00C04F79EFBC}") = "Unity.RenderPipelines.Core.ShaderLibrary", "Unity.RenderPipelines.Core.ShaderLibrary.csproj", "{4791B7F2-6A1A-4653-D795-3B35DEC89295}"
EndProject
Project("{FAE04EC0-301F-11D3-BF4B-00C04F79EFBC}") = "Unity.RenderPipelines.Universal.Shaders", "Unity.RenderPipelines.Universal.Shaders.csproj", "{6151F9DB-32F5-2031-C68E-CBC3DB37BC44}"
EndProject
Project("{FAE04EC0-301F-11D3-BF4B-00C04F79EFBC}") = "Unity.Timeline", "Unity.Timeline.Player.csproj", "{20F34985-6F09-521D-EA8C-EE4A5F7A3EC4}"
EndProject
Project("{FAE04EC0-301F-11D3-BF4B-00C04F79EFBC}") = "Unity.VisualScripting.Flow", "Unity.VisualScripting.Flow.Player.csproj", "{C156EE6D-29BB-34A4-6572-E02CD7733A80}"
EndProject
Project("{FAE04EC0-301F-11D3-BF4B-00C04F79EFBC}") = "Unity.RenderPipelines.Universal.Runtime", "Unity.RenderPipelines.Universal.Runtime.Player.csproj", "{CFEFD237-2741-A5D5-E9CF-ADD6340510E0}"
EndProject
Project("{FAE04EC0-301F-11D3-BF4B-00C04F79EFBC}") = "Unity.RenderPipelines.Core.Runtime", "Unity.RenderPipelines.Core.Runtime.Player.csproj", "{29775E90-586C-BA21-AF18-9B5F5130C0B8}"
EndProject
Project("{FAE04EC0-301F-11D3-BF4B-00C04F79EFBC}") = "Unity.Mathematics", "Unity.Mathematics.Player.csproj", "{094AB69A-CBF6-4C3E-89C0-91D534B0E2B4}"
EndProject
Project("{FAE04EC0-301F-11D3-BF4B-00C04F79EFBC}") = "UnityEngine.TestRunner", "UnityEngine.TestRunner.Player.csproj", "{D76F960B-53A0-C949-D464-0A12854AF7CD}"
EndProject
Project("{FAE04EC0-301F-11D3-BF4B-00C04F79EFBC}") = "Unity.VisualScripting.Core", "Unity.VisualScripting.Core.Player.csproj", "{BC3C6802-2B77-382D-BE8D-EF34041AF8BF}"
EndProject
Project("{FAE04EC0-301F-11D3-BF4B-00C04F79EFBC}") = "Unity.Burst", "Unity.Burst.Player.csproj", "{1F7B0893-515F-D713-7DAD-ED2D3C77355D}"
EndProject
Project("{FAE04EC0-301F-11D3-BF4B-00C04F79EFBC}") = "Assembly-CSharp", "Assembly-CSharp.Player.csproj", "{8E774F1C-8DFF-A179-CDBC-DF51BCE517DE}"
EndProject
Project("{FAE04EC0-301F-11D3-BF4B-00C04F79EFBC}") = "Cinemachine", "Cinemachine.Player.csproj", "{E3F1DC66-2454-636B-172D-3629DA5BE08C}"
EndProject
Project("{FAE04EC0-301F-11D3-BF4B-00C04F79EFBC}") = "Unity.VisualEffectGraph.Runtime", "Unity.VisualEffectGraph.Runtime.Player.csproj", "{D736AEAC-3CA6-160F-AA05-CDA49B9A9309}"
EndProject
Project("{FAE04EC0-301F-11D3-BF4B-00C04F79EFBC}") = "UnityEngine.UI", "UnityEngine.UI.Player.csproj", "{ADC50BA4-213D-F4C1-AE6F-D251D2589FBF}"
EndProject
Project("{FAE04EC0-301F-11D3-BF4B-00C04F79EFBC}") = "Unity.Postprocessing.Runtime", "Unity.Postprocessing.Runtime.Player.csproj", "{45DCA84F-78B9-8C5B-D0B3-84CBB4E34A22}"
EndProject
Project("{FAE04EC0-301F-11D3-BF4B-00C04F79EFBC}") = "Unity.RenderPipeline.Universal.ShaderLibrary", "Unity.RenderPipeline.Universal.ShaderLibrary.Player.csproj", "{63AFFC08-A732-1ABB-312C-6B648F4991CB}"
EndProject
Project("{FAE04EC0-301F-11D3-BF4B-00C04F79EFBC}") = "Unity.AI.Navigation", "Unity.AI.Navigation.Player.csproj", "{E82059FD-AD0C-A0A6-3335-A877C738699F}"
EndProject
Project("{FAE04EC0-301F-11D3-BF4B-00C04F79EFBC}") = "Unity.VisualScripting.State", "Unity.VisualScripting.State.Player.csproj", "{30B45CDE-ED9F-1F63-B279-F3EE8A162F88}"
EndProject
Project("{FAE04EC0-301F-11D3-BF4B-00C04F79EFBC}") = "Unity.TextMeshPro", "Unity.TextMeshPro.Player.csproj", "{8EA670E8-891B-BF04-0121-8B7EE34B7A28}"
EndProject
Project("{FAE04EC0-301F-11D3-BF4B-00C04F79EFBC}") = "Unity.RenderPipelines.Universal.Config.Runtime", "Unity.RenderPipelines.Universal.Config.Runtime.Player.csproj", "{7442A30E-AB43-E178-B444-FBA9377C1DFD}"
EndProject
Project("{FAE04EC0-301F-11D3-BF4B-00C04F79EFBC}") = "Unity.RenderPipelines.ShaderGraph.ShaderGraphLibrary", "Unity.RenderPipelines.ShaderGraph.ShaderGraphLibrary.Player.csproj", "{DEB1C6A3-0EA6-2135-19D2-F21CDE75C602}"
EndProject
Project("{FAE04EC0-301F-11D3-BF4B-00C04F79EFBC}") = "Unity.RenderPipelines.Core.ShaderLibrary", "Unity.RenderPipelines.Core.ShaderLibrary.Player.csproj", "{78721811-3CD7-6424-6BE6-110D3BF11050}"
EndProject
Project("{FAE04EC0-301F-11D3-BF4B-00C04F79EFBC}") = "Unity.RenderPipelines.Universal.Shaders", "Unity.RenderPipelines.Universal.Shaders.Player.csproj", "{5F9A77B3-2555-FDC5-6A01-D69D16218CA0}"
EndProject
Global
	GlobalSection(SolutionConfigurationPlatforms) = preSolution
		Debug|Any CPU = Debug|Any CPU
		Release|Any CPU = Release|Any CPU
	EndGlobalSection
	GlobalSection(ProjectConfigurationPlatforms) = postSolution
		{6A021FD1-6F05-E3D8-A9FF-152FCD3CA01C}.Debug|Any CPU.ActiveCfg = Debug|Any CPU
		{6A021FD1-6F05-E3D8-A9FF-152FCD3CA01C}.Debug|Any CPU.Build.0 = Debug|Any CPU
		{6A021FD1-6F05-E3D8-A9FF-152FCD3CA01C}.Release|Any CPU.ActiveCfg = Release|Any CPU
		{6A021FD1-6F05-E3D8-A9FF-152FCD3CA01C}.Release|Any CPU.Build.0 = Release|Any CPU
		{A3AA9E35-4FA8-8FFA-1C2F-347225795331}.Debug|Any CPU.ActiveCfg = Debug|Any CPU
		{A3AA9E35-4FA8-8FFA-1C2F-347225795331}.Debug|Any CPU.Build.0 = Debug|Any CPU
		{A3AA9E35-4FA8-8FFA-1C2F-347225795331}.Release|Any CPU.ActiveCfg = Release|Any CPU
		{A3AA9E35-4FA8-8FFA-1C2F-347225795331}.Release|Any CPU.Build.0 = Release|Any CPU
		{C6C50413-120D-EE89-7C54-D7D6E5FE9BF2}.Debug|Any CPU.ActiveCfg = Debug|Any CPU
		{C6C50413-120D-EE89-7C54-D7D6E5FE9BF2}.Debug|Any CPU.Build.0 = Debug|Any CPU
		{C6C50413-120D-EE89-7C54-D7D6E5FE9BF2}.Release|Any CPU.ActiveCfg = Release|Any CPU
		{C6C50413-120D-EE89-7C54-D7D6E5FE9BF2}.Release|Any CPU.Build.0 = Release|Any CPU
		{9A8B21AE-3043-D115-FFAB-5CED5CCC2870}.Debug|Any CPU.ActiveCfg = Debug|Any CPU
		{9A8B21AE-3043-D115-FFAB-5CED5CCC2870}.Debug|Any CPU.Build.0 = Debug|Any CPU
		{9A8B21AE-3043-D115-FFAB-5CED5CCC2870}.Release|Any CPU.ActiveCfg = Release|Any CPU
		{9A8B21AE-3043-D115-FFAB-5CED5CCC2870}.Release|Any CPU.Build.0 = Release|Any CPU
		{5FC9F943-AF40-D1FC-B0B7-AB5083624574}.Debug|Any CPU.ActiveCfg = Debug|Any CPU
		{5FC9F943-AF40-D1FC-B0B7-AB5083624574}.Debug|Any CPU.Build.0 = Debug|Any CPU
		{5FC9F943-AF40-D1FC-B0B7-AB5083624574}.Release|Any CPU.ActiveCfg = Release|Any CPU
		{5FC9F943-AF40-D1FC-B0B7-AB5083624574}.Release|Any CPU.Build.0 = Release|Any CPU
		{EF5AAEDA-6AE8-0283-D4C5-E4D9652B2C6A}.Debug|Any CPU.ActiveCfg = Debug|Any CPU
		{EF5AAEDA-6AE8-0283-D4C5-E4D9652B2C6A}.Debug|Any CPU.Build.0 = Debug|Any CPU
		{EF5AAEDA-6AE8-0283-D4C5-E4D9652B2C6A}.Release|Any CPU.ActiveCfg = Release|Any CPU
		{EF5AAEDA-6AE8-0283-D4C5-E4D9652B2C6A}.Release|Any CPU.Build.0 = Release|Any CPU
		{8406AB5A-48DD-37F3-2C4B-2F4FCAC5CA0A}.Debug|Any CPU.ActiveCfg = Debug|Any CPU
		{8406AB5A-48DD-37F3-2C4B-2F4FCAC5CA0A}.Debug|Any CPU.Build.0 = Debug|Any CPU
		{8406AB5A-48DD-37F3-2C4B-2F4FCAC5CA0A}.Release|Any CPU.ActiveCfg = Release|Any CPU
		{8406AB5A-48DD-37F3-2C4B-2F4FCAC5CA0A}.Release|Any CPU.Build.0 = Release|Any CPU
		{A89046FC-5026-2C43-2FFE-D0C3CA39899E}.Debug|Any CPU.ActiveCfg = Debug|Any CPU
		{A89046FC-5026-2C43-2FFE-D0C3CA39899E}.Debug|Any CPU.Build.0 = Debug|Any CPU
		{A89046FC-5026-2C43-2FFE-D0C3CA39899E}.Release|Any CPU.ActiveCfg = Release|Any CPU
		{A89046FC-5026-2C43-2FFE-D0C3CA39899E}.Release|Any CPU.Build.0 = Release|Any CPU
		{EF254CB0-7B18-D53B-6D5A-8ECD057F7CA2}.Debug|Any CPU.ActiveCfg = Debug|Any CPU
		{EF254CB0-7B18-D53B-6D5A-8ECD057F7CA2}.Debug|Any CPU.Build.0 = Debug|Any CPU
		{EF254CB0-7B18-D53B-6D5A-8ECD057F7CA2}.Release|Any CPU.ActiveCfg = Release|Any CPU
		{EF254CB0-7B18-D53B-6D5A-8ECD057F7CA2}.Release|Any CPU.Build.0 = Release|Any CPU
		{3CE42671-459D-019F-59DE-619477C6D1C3}.Debug|Any CPU.ActiveCfg = Debug|Any CPU
		{3CE42671-459D-019F-59DE-619477C6D1C3}.Debug|Any CPU.Build.0 = Debug|Any CPU
		{3CE42671-459D-019F-59DE-619477C6D1C3}.Release|Any CPU.ActiveCfg = Release|Any CPU
		{3CE42671-459D-019F-59DE-619477C6D1C3}.Release|Any CPU.Build.0 = Release|Any CPU
		{4E90D988-C63F-8508-331E-E3AB393F4002}.Debug|Any CPU.ActiveCfg = Debug|Any CPU
		{4E90D988-C63F-8508-331E-E3AB393F4002}.Debug|Any CPU.Build.0 = Debug|Any CPU
		{4E90D988-C63F-8508-331E-E3AB393F4002}.Release|Any CPU.ActiveCfg = Release|Any CPU
		{4E90D988-C63F-8508-331E-E3AB393F4002}.Release|Any CPU.Build.0 = Release|Any CPU
		{65EBF9F0-9385-1283-75BD-7131E13DEB42}.Debug|Any CPU.ActiveCfg = Debug|Any CPU
		{65EBF9F0-9385-1283-75BD-7131E13DEB42}.Debug|Any CPU.Build.0 = Debug|Any CPU
		{65EBF9F0-9385-1283-75BD-7131E13DEB42}.Release|Any CPU.ActiveCfg = Release|Any CPU
		{65EBF9F0-9385-1283-75BD-7131E13DEB42}.Release|Any CPU.Build.0 = Release|Any CPU
		{C144C719-85CB-947C-C698-F25E37277433}.Debug|Any CPU.ActiveCfg = Debug|Any CPU
		{C144C719-85CB-947C-C698-F25E37277433}.Debug|Any CPU.Build.0 = Debug|Any CPU
		{C144C719-85CB-947C-C698-F25E37277433}.Release|Any CPU.ActiveCfg = Release|Any CPU
		{C144C719-85CB-947C-C698-F25E37277433}.Release|Any CPU.Build.0 = Release|Any CPU
		{6A08E5F5-3E7A-A12F-DD55-F2539EB69A68}.Debug|Any CPU.ActiveCfg = Debug|Any CPU
		{6A08E5F5-3E7A-A12F-DD55-F2539EB69A68}.Debug|Any CPU.Build.0 = Debug|Any CPU
		{6A08E5F5-3E7A-A12F-DD55-F2539EB69A68}.Release|Any CPU.ActiveCfg = Release|Any CPU
		{6A08E5F5-3E7A-A12F-DD55-F2539EB69A68}.Release|Any CPU.Build.0 = Release|Any CPU
		{1B340EEF-01EA-5034-9F12-E8450B6F04EE}.Debug|Any CPU.ActiveCfg = Debug|Any CPU
		{1B340EEF-01EA-5034-9F12-E8450B6F04EE}.Debug|Any CPU.Build.0 = Debug|Any CPU
		{1B340EEF-01EA-5034-9F12-E8450B6F04EE}.Release|Any CPU.ActiveCfg = Release|Any CPU
		{1B340EEF-01EA-5034-9F12-E8450B6F04EE}.Release|Any CPU.Build.0 = Release|Any CPU
		{39FECD0B-3DDF-C8A5-E977-606F1072B3BA}.Debug|Any CPU.ActiveCfg = Debug|Any CPU
		{39FECD0B-3DDF-C8A5-E977-606F1072B3BA}.Debug|Any CPU.Build.0 = Debug|Any CPU
		{39FECD0B-3DDF-C8A5-E977-606F1072B3BA}.Release|Any CPU.ActiveCfg = Release|Any CPU
		{39FECD0B-3DDF-C8A5-E977-606F1072B3BA}.Release|Any CPU.Build.0 = Release|Any CPU
		{31E59832-A67B-7EF5-08DD-5333B5182223}.Debug|Any CPU.ActiveCfg = Debug|Any CPU
		{31E59832-A67B-7EF5-08DD-5333B5182223}.Debug|Any CPU.Build.0 = Debug|Any CPU
		{31E59832-A67B-7EF5-08DD-5333B5182223}.Release|Any CPU.ActiveCfg = Release|Any CPU
		{31E59832-A67B-7EF5-08DD-5333B5182223}.Release|Any CPU.Build.0 = Release|Any CPU
		{B3E721BE-75B7-BA4D-7047-5DBCAA499444}.Debug|Any CPU.ActiveCfg = Debug|Any CPU
		{B3E721BE-75B7-BA4D-7047-5DBCAA499444}.Debug|Any CPU.Build.0 = Debug|Any CPU
		{B3E721BE-75B7-BA4D-7047-5DBCAA499444}.Release|Any CPU.ActiveCfg = Release|Any CPU
		{B3E721BE-75B7-BA4D-7047-5DBCAA499444}.Release|Any CPU.Build.0 = Release|Any CPU
		{A2E851C7-7231-A4B8-0D82-F3B305F9D466}.Debug|Any CPU.ActiveCfg = Debug|Any CPU
		{A2E851C7-7231-A4B8-0D82-F3B305F9D466}.Debug|Any CPU.Build.0 = Debug|Any CPU
		{A2E851C7-7231-A4B8-0D82-F3B305F9D466}.Release|Any CPU.ActiveCfg = Release|Any CPU
		{A2E851C7-7231-A4B8-0D82-F3B305F9D466}.Release|Any CPU.Build.0 = Release|Any CPU
		{EB7A84EA-565F-C9E7-541C-972CD55387C0}.Debug|Any CPU.ActiveCfg = Debug|Any CPU
		{EB7A84EA-565F-C9E7-541C-972CD55387C0}.Debug|Any CPU.Build.0 = Debug|Any CPU
		{EB7A84EA-565F-C9E7-541C-972CD55387C0}.Release|Any CPU.ActiveCfg = Release|Any CPU
		{EB7A84EA-565F-C9E7-541C-972CD55387C0}.Release|Any CPU.Build.0 = Release|Any CPU
		{CB125186-1AB2-C1B9-2165-716943EA3A92}.Debug|Any CPU.ActiveCfg = Debug|Any CPU
		{CB125186-1AB2-C1B9-2165-716943EA3A92}.Debug|Any CPU.Build.0 = Debug|Any CPU
		{CB125186-1AB2-C1B9-2165-716943EA3A92}.Release|Any CPU.ActiveCfg = Release|Any CPU
		{CB125186-1AB2-C1B9-2165-716943EA3A92}.Release|Any CPU.Build.0 = Release|Any CPU
		{50DC107C-B3A4-F0C4-4EFE-26B9F73C5F2F}.Debug|Any CPU.ActiveCfg = Debug|Any CPU
		{50DC107C-B3A4-F0C4-4EFE-26B9F73C5F2F}.Debug|Any CPU.Build.0 = Debug|Any CPU
		{50DC107C-B3A4-F0C4-4EFE-26B9F73C5F2F}.Release|Any CPU.ActiveCfg = Release|Any CPU
		{50DC107C-B3A4-F0C4-4EFE-26B9F73C5F2F}.Release|Any CPU.Build.0 = Release|Any CPU
		{8AEF4A9C-C0F7-2A83-0C41-940E16EA05F4}.Debug|Any CPU.ActiveCfg = Debug|Any CPU
		{8AEF4A9C-C0F7-2A83-0C41-940E16EA05F4}.Debug|Any CPU.Build.0 = Debug|Any CPU
		{8AEF4A9C-C0F7-2A83-0C41-940E16EA05F4}.Release|Any CPU.ActiveCfg = Release|Any CPU
		{8AEF4A9C-C0F7-2A83-0C41-940E16EA05F4}.Release|Any CPU.Build.0 = Release|Any CPU
		{03A701D7-AEF0-C01A-E83B-5199EAF706C5}.Debug|Any CPU.ActiveCfg = Debug|Any CPU
		{03A701D7-AEF0-C01A-E83B-5199EAF706C5}.Debug|Any CPU.Build.0 = Debug|Any CPU
		{03A701D7-AEF0-C01A-E83B-5199EAF706C5}.Release|Any CPU.ActiveCfg = Release|Any CPU
		{03A701D7-AEF0-C01A-E83B-5199EAF706C5}.Release|Any CPU.Build.0 = Release|Any CPU
		{67FB9BF8-9C7D-EB8A-F33E-9D8CE0708EB6}.Debug|Any CPU.ActiveCfg = Debug|Any CPU
		{67FB9BF8-9C7D-EB8A-F33E-9D8CE0708EB6}.Debug|Any CPU.Build.0 = Debug|Any CPU
		{67FB9BF8-9C7D-EB8A-F33E-9D8CE0708EB6}.Release|Any CPU.ActiveCfg = Release|Any CPU
		{67FB9BF8-9C7D-EB8A-F33E-9D8CE0708EB6}.Release|Any CPU.Build.0 = Release|Any CPU
		{EFC1A9DB-BFC6-044D-5D09-A15F63AFA566}.Debug|Any CPU.ActiveCfg = Debug|Any CPU
		{EFC1A9DB-BFC6-044D-5D09-A15F63AFA566}.Debug|Any CPU.Build.0 = Debug|Any CPU
		{EFC1A9DB-BFC6-044D-5D09-A15F63AFA566}.Release|Any CPU.ActiveCfg = Release|Any CPU
		{EFC1A9DB-BFC6-044D-5D09-A15F63AFA566}.Release|Any CPU.Build.0 = Release|Any CPU
		{EC66F1F2-E3E2-44AD-7AB5-0A36243652D8}.Debug|Any CPU.ActiveCfg = Debug|Any CPU
		{EC66F1F2-E3E2-44AD-7AB5-0A36243652D8}.Debug|Any CPU.Build.0 = Debug|Any CPU
		{EC66F1F2-E3E2-44AD-7AB5-0A36243652D8}.Release|Any CPU.ActiveCfg = Release|Any CPU
		{EC66F1F2-E3E2-44AD-7AB5-0A36243652D8}.Release|Any CPU.Build.0 = Release|Any CPU
		{25A9128A-61B8-894A-22D7-39D56C530501}.Debug|Any CPU.ActiveCfg = Debug|Any CPU
		{25A9128A-61B8-894A-22D7-39D56C530501}.Debug|Any CPU.Build.0 = Debug|Any CPU
		{25A9128A-61B8-894A-22D7-39D56C530501}.Release|Any CPU.ActiveCfg = Release|Any CPU
		{25A9128A-61B8-894A-22D7-39D56C530501}.Release|Any CPU.Build.0 = Release|Any CPU
		{3015D718-2CD3-FBCF-12AD-CF7845163468}.Debug|Any CPU.ActiveCfg = Debug|Any CPU
		{3015D718-2CD3-FBCF-12AD-CF7845163468}.Debug|Any CPU.Build.0 = Debug|Any CPU
		{3015D718-2CD3-FBCF-12AD-CF7845163468}.Release|Any CPU.ActiveCfg = Release|Any CPU
		{3015D718-2CD3-FBCF-12AD-CF7845163468}.Release|Any CPU.Build.0 = Release|Any CPU
		{BB7E427B-8F2A-165C-122C-B0B59C1E0DD7}.Debug|Any CPU.ActiveCfg = Debug|Any CPU
		{BB7E427B-8F2A-165C-122C-B0B59C1E0DD7}.Debug|Any CPU.Build.0 = Debug|Any CPU
		{BB7E427B-8F2A-165C-122C-B0B59C1E0DD7}.Release|Any CPU.ActiveCfg = Release|Any CPU
		{BB7E427B-8F2A-165C-122C-B0B59C1E0DD7}.Release|Any CPU.Build.0 = Release|Any CPU
		{5DB91A35-3D65-AF03-46EE-250C930071EC}.Debug|Any CPU.ActiveCfg = Debug|Any CPU
		{5DB91A35-3D65-AF03-46EE-250C930071EC}.Debug|Any CPU.Build.0 = Debug|Any CPU
		{5DB91A35-3D65-AF03-46EE-250C930071EC}.Release|Any CPU.ActiveCfg = Release|Any CPU
		{5DB91A35-3D65-AF03-46EE-250C930071EC}.Release|Any CPU.Build.0 = Release|Any CPU
		{C286AD42-6147-3708-3C47-74AB076F0C6A}.Debug|Any CPU.ActiveCfg = Debug|Any CPU
		{C286AD42-6147-3708-3C47-74AB076F0C6A}.Debug|Any CPU.Build.0 = Debug|Any CPU
		{C286AD42-6147-3708-3C47-74AB076F0C6A}.Release|Any CPU.ActiveCfg = Release|Any CPU
		{C286AD42-6147-3708-3C47-74AB076F0C6A}.Release|Any CPU.Build.0 = Release|Any CPU
		{C8C0F8D9-A1F2-C4CC-656D-8E110A226D9B}.Debug|Any CPU.ActiveCfg = Debug|Any CPU
		{C8C0F8D9-A1F2-C4CC-656D-8E110A226D9B}.Debug|Any CPU.Build.0 = Debug|Any CPU
		{C8C0F8D9-A1F2-C4CC-656D-8E110A226D9B}.Release|Any CPU.ActiveCfg = Release|Any CPU
		{C8C0F8D9-A1F2-C4CC-656D-8E110A226D9B}.Release|Any CPU.Build.0 = Release|Any CPU
		{6888F573-4367-4200-683D-224F549BB2C5}.Debug|Any CPU.ActiveCfg = Debug|Any CPU
		{6888F573-4367-4200-683D-224F549BB2C5}.Debug|Any CPU.Build.0 = Debug|Any CPU
		{6888F573-4367-4200-683D-224F549BB2C5}.Release|Any CPU.ActiveCfg = Release|Any CPU
		{6888F573-4367-4200-683D-224F549BB2C5}.Release|Any CPU.Build.0 = Release|Any CPU
		{4FAD637C-CB7A-A021-024A-950586F6AFEA}.Debug|Any CPU.ActiveCfg = Debug|Any CPU
		{4FAD637C-CB7A-A021-024A-950586F6AFEA}.Debug|Any CPU.Build.0 = Debug|Any CPU
		{4FAD637C-CB7A-A021-024A-950586F6AFEA}.Release|Any CPU.ActiveCfg = Release|Any CPU
		{4FAD637C-CB7A-A021-024A-950586F6AFEA}.Release|Any CPU.Build.0 = Release|Any CPU
		{3D82CD34-4A52-6A06-4E10-9245421327EF}.Debug|Any CPU.ActiveCfg = Debug|Any CPU
		{3D82CD34-4A52-6A06-4E10-9245421327EF}.Debug|Any CPU.Build.0 = Debug|Any CPU
		{3D82CD34-4A52-6A06-4E10-9245421327EF}.Release|Any CPU.ActiveCfg = Release|Any CPU
		{3D82CD34-4A52-6A06-4E10-9245421327EF}.Release|Any CPU.Build.0 = Release|Any CPU
		{A275C388-AD31-6187-5EAA-27D469CE5E57}.Debug|Any CPU.ActiveCfg = Debug|Any CPU
		{A275C388-AD31-6187-5EAA-27D469CE5E57}.Debug|Any CPU.Build.0 = Debug|Any CPU
		{A275C388-AD31-6187-5EAA-27D469CE5E57}.Release|Any CPU.ActiveCfg = Release|Any CPU
		{A275C388-AD31-6187-5EAA-27D469CE5E57}.Release|Any CPU.Build.0 = Release|Any CPU
		{34C0F08C-664A-DFC5-845A-188B2AAC5D57}.Debug|Any CPU.ActiveCfg = Debug|Any CPU
		{34C0F08C-664A-DFC5-845A-188B2AAC5D57}.Debug|Any CPU.Build.0 = Debug|Any CPU
		{34C0F08C-664A-DFC5-845A-188B2AAC5D57}.Release|Any CPU.ActiveCfg = Release|Any CPU
		{34C0F08C-664A-DFC5-845A-188B2AAC5D57}.Release|Any CPU.Build.0 = Release|Any CPU
		{9050B969-6DC9-4881-095D-2C72CA6A2045}.Debug|Any CPU.ActiveCfg = Debug|Any CPU
		{9050B969-6DC9-4881-095D-2C72CA6A2045}.Debug|Any CPU.Build.0 = Debug|Any CPU
		{9050B969-6DC9-4881-095D-2C72CA6A2045}.Release|Any CPU.ActiveCfg = Release|Any CPU
		{9050B969-6DC9-4881-095D-2C72CA6A2045}.Release|Any CPU.Build.0 = Release|Any CPU
		{0E41C74D-DD92-237E-C2AF-534FA1F86BC1}.Debug|Any CPU.ActiveCfg = Debug|Any CPU
		{0E41C74D-DD92-237E-C2AF-534FA1F86BC1}.Debug|Any CPU.Build.0 = Debug|Any CPU
		{0E41C74D-DD92-237E-C2AF-534FA1F86BC1}.Release|Any CPU.ActiveCfg = Release|Any CPU
		{0E41C74D-DD92-237E-C2AF-534FA1F86BC1}.Release|Any CPU.Build.0 = Release|Any CPU
		{33CE5E1D-8674-ED4A-9124-A7709A06588C}.Debug|Any CPU.ActiveCfg = Debug|Any CPU
		{33CE5E1D-8674-ED4A-9124-A7709A06588C}.Debug|Any CPU.Build.0 = Debug|Any CPU
		{33CE5E1D-8674-ED4A-9124-A7709A06588C}.Release|Any CPU.ActiveCfg = Release|Any CPU
		{33CE5E1D-8674-ED4A-9124-A7709A06588C}.Release|Any CPU.Build.0 = Release|Any CPU
		{B7F13137-8174-EFDA-CE90-A6D49079E1B5}.Debug|Any CPU.ActiveCfg = Debug|Any CPU
		{B7F13137-8174-EFDA-CE90-A6D49079E1B5}.Debug|Any CPU.Build.0 = Debug|Any CPU
		{B7F13137-8174-EFDA-CE90-A6D49079E1B5}.Release|Any CPU.ActiveCfg = Release|Any CPU
		{B7F13137-8174-EFDA-CE90-A6D49079E1B5}.Release|Any CPU.Build.0 = Release|Any CPU
		{7257152D-A0E6-0886-A778-C8FEC99BB33A}.Debug|Any CPU.ActiveCfg = Debug|Any CPU
		{7257152D-A0E6-0886-A778-C8FEC99BB33A}.Debug|Any CPU.Build.0 = Debug|Any CPU
		{7257152D-A0E6-0886-A778-C8FEC99BB33A}.Release|Any CPU.ActiveCfg = Release|Any CPU
		{7257152D-A0E6-0886-A778-C8FEC99BB33A}.Release|Any CPU.Build.0 = Release|Any CPU
		{2F945CDC-4AE4-0F94-E18E-29BA5FE4531B}.Debug|Any CPU.ActiveCfg = Debug|Any CPU
		{2F945CDC-4AE4-0F94-E18E-29BA5FE4531B}.Debug|Any CPU.Build.0 = Debug|Any CPU
		{2F945CDC-4AE4-0F94-E18E-29BA5FE4531B}.Release|Any CPU.ActiveCfg = Release|Any CPU
		{2F945CDC-4AE4-0F94-E18E-29BA5FE4531B}.Release|Any CPU.Build.0 = Release|Any CPU
		{9B583ECE-8FFA-F93E-090E-DFD5525F38BE}.Debug|Any CPU.ActiveCfg = Debug|Any CPU
		{9B583ECE-8FFA-F93E-090E-DFD5525F38BE}.Debug|Any CPU.Build.0 = Debug|Any CPU
		{9B583ECE-8FFA-F93E-090E-DFD5525F38BE}.Release|Any CPU.ActiveCfg = Release|Any CPU
		{9B583ECE-8FFA-F93E-090E-DFD5525F38BE}.Release|Any CPU.Build.0 = Release|Any CPU
		{2E5515E0-2C95-A7A3-84DB-01881F4F83BD}.Debug|Any CPU.ActiveCfg = Debug|Any CPU
		{2E5515E0-2C95-A7A3-84DB-01881F4F83BD}.Debug|Any CPU.Build.0 = Debug|Any CPU
		{2E5515E0-2C95-A7A3-84DB-01881F4F83BD}.Release|Any CPU.ActiveCfg = Release|Any CPU
		{2E5515E0-2C95-A7A3-84DB-01881F4F83BD}.Release|Any CPU.Build.0 = Release|Any CPU
		{37D3E961-67E9-B568-C6D3-2432E17CBB3A}.Debug|Any CPU.ActiveCfg = Debug|Any CPU
		{37D3E961-67E9-B568-C6D3-2432E17CBB3A}.Debug|Any CPU.Build.0 = Debug|Any CPU
		{37D3E961-67E9-B568-C6D3-2432E17CBB3A}.Release|Any CPU.ActiveCfg = Release|Any CPU
		{37D3E961-67E9-B568-C6D3-2432E17CBB3A}.Release|Any CPU.Build.0 = Release|Any CPU
		{14796BBB-ECB9-0E38-DB9C-4D686AEAEDB6}.Debug|Any CPU.ActiveCfg = Debug|Any CPU
		{14796BBB-ECB9-0E38-DB9C-4D686AEAEDB6}.Debug|Any CPU.Build.0 = Debug|Any CPU
		{14796BBB-ECB9-0E38-DB9C-4D686AEAEDB6}.Release|Any CPU.ActiveCfg = Release|Any CPU
		{14796BBB-ECB9-0E38-DB9C-4D686AEAEDB6}.Release|Any CPU.Build.0 = Release|Any CPU
		{1E1C5734-4DF1-42A9-CEB1-55F345B310D7}.Debug|Any CPU.ActiveCfg = Debug|Any CPU
		{1E1C5734-4DF1-42A9-CEB1-55F345B310D7}.Debug|Any CPU.Build.0 = Debug|Any CPU
		{1E1C5734-4DF1-42A9-CEB1-55F345B310D7}.Release|Any CPU.ActiveCfg = Release|Any CPU
		{1E1C5734-4DF1-42A9-CEB1-55F345B310D7}.Release|Any CPU.Build.0 = Release|Any CPU
		{6497921C-E6FA-4D32-35F3-F41B7F33E646}.Debug|Any CPU.ActiveCfg = Debug|Any CPU
		{6497921C-E6FA-4D32-35F3-F41B7F33E646}.Debug|Any CPU.Build.0 = Debug|Any CPU
		{6497921C-E6FA-4D32-35F3-F41B7F33E646}.Release|Any CPU.ActiveCfg = Release|Any CPU
		{6497921C-E6FA-4D32-35F3-F41B7F33E646}.Release|Any CPU.Build.0 = Release|Any CPU
		{A69F930D-4547-3637-6B72-3FE8269286AA}.Debug|Any CPU.ActiveCfg = Debug|Any CPU
		{A69F930D-4547-3637-6B72-3FE8269286AA}.Debug|Any CPU.Build.0 = Debug|Any CPU
		{A69F930D-4547-3637-6B72-3FE8269286AA}.Release|Any CPU.ActiveCfg = Release|Any CPU
		{A69F930D-4547-3637-6B72-3FE8269286AA}.Release|Any CPU.Build.0 = Release|Any CPU
		{E465B723-7485-B95F-7B71-D084E7916E7D}.Debug|Any CPU.ActiveCfg = Debug|Any CPU
		{E465B723-7485-B95F-7B71-D084E7916E7D}.Debug|Any CPU.Build.0 = Debug|Any CPU
		{E465B723-7485-B95F-7B71-D084E7916E7D}.Release|Any CPU.ActiveCfg = Release|Any CPU
		{E465B723-7485-B95F-7B71-D084E7916E7D}.Release|Any CPU.Build.0 = Release|Any CPU
		{88A0EEF8-52F8-636C-BCBC-ACF6D1F780CF}.Debug|Any CPU.ActiveCfg = Debug|Any CPU
		{88A0EEF8-52F8-636C-BCBC-ACF6D1F780CF}.Debug|Any CPU.Build.0 = Debug|Any CPU
		{88A0EEF8-52F8-636C-BCBC-ACF6D1F780CF}.Release|Any CPU.ActiveCfg = Release|Any CPU
		{88A0EEF8-52F8-636C-BCBC-ACF6D1F780CF}.Release|Any CPU.Build.0 = Release|Any CPU
		{6397BC7A-1A70-6D5C-42E9-48CF5B972420}.Debug|Any CPU.ActiveCfg = Debug|Any CPU
		{6397BC7A-1A70-6D5C-42E9-48CF5B972420}.Debug|Any CPU.Build.0 = Debug|Any CPU
		{6397BC7A-1A70-6D5C-42E9-48CF5B972420}.Release|Any CPU.ActiveCfg = Release|Any CPU
		{6397BC7A-1A70-6D5C-42E9-48CF5B972420}.Release|Any CPU.Build.0 = Release|Any CPU
		{2F129220-70C7-2536-1919-197756F940CB}.Debug|Any CPU.ActiveCfg = Debug|Any CPU
		{2F129220-70C7-2536-1919-197756F940CB}.Debug|Any CPU.Build.0 = Debug|Any CPU
		{2F129220-70C7-2536-1919-197756F940CB}.Release|Any CPU.ActiveCfg = Release|Any CPU
		{2F129220-70C7-2536-1919-197756F940CB}.Release|Any CPU.Build.0 = Release|Any CPU
		{F902B7F9-1B38-81D6-F4B3-43A55D65A96F}.Debug|Any CPU.ActiveCfg = Debug|Any CPU
		{F902B7F9-1B38-81D6-F4B3-43A55D65A96F}.Debug|Any CPU.Build.0 = Debug|Any CPU
		{F902B7F9-1B38-81D6-F4B3-43A55D65A96F}.Release|Any CPU.ActiveCfg = Release|Any CPU
		{F902B7F9-1B38-81D6-F4B3-43A55D65A96F}.Release|Any CPU.Build.0 = Release|Any CPU
		{4791B7F2-6A1A-4653-D795-3B35DEC89295}.Debug|Any CPU.ActiveCfg = Debug|Any CPU
		{4791B7F2-6A1A-4653-D795-3B35DEC89295}.Debug|Any CPU.Build.0 = Debug|Any CPU
		{4791B7F2-6A1A-4653-D795-3B35DEC89295}.Release|Any CPU.ActiveCfg = Release|Any CPU
		{4791B7F2-6A1A-4653-D795-3B35DEC89295}.Release|Any CPU.Build.0 = Release|Any CPU
		{6151F9DB-32F5-2031-C68E-CBC3DB37BC44}.Debug|Any CPU.ActiveCfg = Debug|Any CPU
		{6151F9DB-32F5-2031-C68E-CBC3DB37BC44}.Debug|Any CPU.Build.0 = Debug|Any CPU
		{6151F9DB-32F5-2031-C68E-CBC3DB37BC44}.Release|Any CPU.ActiveCfg = Release|Any CPU
		{6151F9DB-32F5-2031-C68E-CBC3DB37BC44}.Release|Any CPU.Build.0 = Release|Any CPU
		{20F34985-6F09-521D-EA8C-EE4A5F7A3EC4}.Debug|Any CPU.ActiveCfg = Debug|Any CPU
		{20F34985-6F09-521D-EA8C-EE4A5F7A3EC4}.Debug|Any CPU.Build.0 = Debug|Any CPU
		{20F34985-6F09-521D-EA8C-EE4A5F7A3EC4}.Release|Any CPU.ActiveCfg = Release|Any CPU
		{20F34985-6F09-521D-EA8C-EE4A5F7A3EC4}.Release|Any CPU.Build.0 = Release|Any CPU
		{C156EE6D-29BB-34A4-6572-E02CD7733A80}.Debug|Any CPU.ActiveCfg = Debug|Any CPU
		{C156EE6D-29BB-34A4-6572-E02CD7733A80}.Debug|Any CPU.Build.0 = Debug|Any CPU
		{C156EE6D-29BB-34A4-6572-E02CD7733A80}.Release|Any CPU.ActiveCfg = Release|Any CPU
		{C156EE6D-29BB-34A4-6572-E02CD7733A80}.Release|Any CPU.Build.0 = Release|Any CPU
		{CFEFD237-2741-A5D5-E9CF-ADD6340510E0}.Debug|Any CPU.ActiveCfg = Debug|Any CPU
		{CFEFD237-2741-A5D5-E9CF-ADD6340510E0}.Debug|Any CPU.Build.0 = Debug|Any CPU
		{CFEFD237-2741-A5D5-E9CF-ADD6340510E0}.Release|Any CPU.ActiveCfg = Release|Any CPU
		{CFEFD237-2741-A5D5-E9CF-ADD6340510E0}.Release|Any CPU.Build.0 = Release|Any CPU
		{29775E90-586C-BA21-AF18-9B5F5130C0B8}.Debug|Any CPU.ActiveCfg = Debug|Any CPU
		{29775E90-586C-BA21-AF18-9B5F5130C0B8}.Debug|Any CPU.Build.0 = Debug|Any CPU
		{29775E90-586C-BA21-AF18-9B5F5130C0B8}.Release|Any CPU.ActiveCfg = Release|Any CPU
		{29775E90-586C-BA21-AF18-9B5F5130C0B8}.Release|Any CPU.Build.0 = Release|Any CPU
		{094AB69A-CBF6-4C3E-89C0-91D534B0E2B4}.Debug|Any CPU.ActiveCfg = Debug|Any CPU
		{094AB69A-CBF6-4C3E-89C0-91D534B0E2B4}.Debug|Any CPU.Build.0 = Debug|Any CPU
		{094AB69A-CBF6-4C3E-89C0-91D534B0E2B4}.Release|Any CPU.ActiveCfg = Release|Any CPU
		{094AB69A-CBF6-4C3E-89C0-91D534B0E2B4}.Release|Any CPU.Build.0 = Release|Any CPU
		{D76F960B-53A0-C949-D464-0A12854AF7CD}.Debug|Any CPU.ActiveCfg = Debug|Any CPU
		{D76F960B-53A0-C949-D464-0A12854AF7CD}.Debug|Any CPU.Build.0 = Debug|Any CPU
		{D76F960B-53A0-C949-D464-0A12854AF7CD}.Release|Any CPU.ActiveCfg = Release|Any CPU
		{D76F960B-53A0-C949-D464-0A12854AF7CD}.Release|Any CPU.Build.0 = Release|Any CPU
		{BC3C6802-2B77-382D-BE8D-EF34041AF8BF}.Debug|Any CPU.ActiveCfg = Debug|Any CPU
		{BC3C6802-2B77-382D-BE8D-EF34041AF8BF}.Debug|Any CPU.Build.0 = Debug|Any CPU
		{BC3C6802-2B77-382D-BE8D-EF34041AF8BF}.Release|Any CPU.ActiveCfg = Release|Any CPU
		{BC3C6802-2B77-382D-BE8D-EF34041AF8BF}.Release|Any CPU.Build.0 = Release|Any CPU
		{1F7B0893-515F-D713-7DAD-ED2D3C77355D}.Debug|Any CPU.ActiveCfg = Debug|Any CPU
		{1F7B0893-515F-D713-7DAD-ED2D3C77355D}.Debug|Any CPU.Build.0 = Debug|Any CPU
		{1F7B0893-515F-D713-7DAD-ED2D3C77355D}.Release|Any CPU.ActiveCfg = Release|Any CPU
		{1F7B0893-515F-D713-7DAD-ED2D3C77355D}.Release|Any CPU.Build.0 = Release|Any CPU
		{8E774F1C-8DFF-A179-CDBC-DF51BCE517DE}.Debug|Any CPU.ActiveCfg = Debug|Any CPU
		{8E774F1C-8DFF-A179-CDBC-DF51BCE517DE}.Debug|Any CPU.Build.0 = Debug|Any CPU
		{8E774F1C-8DFF-A179-CDBC-DF51BCE517DE}.Release|Any CPU.ActiveCfg = Release|Any CPU
		{8E774F1C-8DFF-A179-CDBC-DF51BCE517DE}.Release|Any CPU.Build.0 = Release|Any CPU
		{E3F1DC66-2454-636B-172D-3629DA5BE08C}.Debug|Any CPU.ActiveCfg = Debug|Any CPU
		{E3F1DC66-2454-636B-172D-3629DA5BE08C}.Debug|Any CPU.Build.0 = Debug|Any CPU
		{E3F1DC66-2454-636B-172D-3629DA5BE08C}.Release|Any CPU.ActiveCfg = Release|Any CPU
		{E3F1DC66-2454-636B-172D-3629DA5BE08C}.Release|Any CPU.Build.0 = Release|Any CPU
		{D736AEAC-3CA6-160F-AA05-CDA49B9A9309}.Debug|Any CPU.ActiveCfg = Debug|Any CPU
		{D736AEAC-3CA6-160F-AA05-CDA49B9A9309}.Debug|Any CPU.Build.0 = Debug|Any CPU
		{D736AEAC-3CA6-160F-AA05-CDA49B9A9309}.Release|Any CPU.ActiveCfg = Release|Any CPU
		{D736AEAC-3CA6-160F-AA05-CDA49B9A9309}.Release|Any CPU.Build.0 = Release|Any CPU
		{ADC50BA4-213D-F4C1-AE6F-D251D2589FBF}.Debug|Any CPU.ActiveCfg = Debug|Any CPU
		{ADC50BA4-213D-F4C1-AE6F-D251D2589FBF}.Debug|Any CPU.Build.0 = Debug|Any CPU
		{ADC50BA4-213D-F4C1-AE6F-D251D2589FBF}.Release|Any CPU.ActiveCfg = Release|Any CPU
		{ADC50BA4-213D-F4C1-AE6F-D251D2589FBF}.Release|Any CPU.Build.0 = Release|Any CPU
		{45DCA84F-78B9-8C5B-D0B3-84CBB4E34A22}.Debug|Any CPU.ActiveCfg = Debug|Any CPU
		{45DCA84F-78B9-8C5B-D0B3-84CBB4E34A22}.Debug|Any CPU.Build.0 = Debug|Any CPU
		{45DCA84F-78B9-8C5B-D0B3-84CBB4E34A22}.Release|Any CPU.ActiveCfg = Release|Any CPU
		{45DCA84F-78B9-8C5B-D0B3-84CBB4E34A22}.Release|Any CPU.Build.0 = Release|Any CPU
		{63AFFC08-A732-1ABB-312C-6B648F4991CB}.Debug|Any CPU.ActiveCfg = Debug|Any CPU
		{63AFFC08-A732-1ABB-312C-6B648F4991CB}.Debug|Any CPU.Build.0 = Debug|Any CPU
		{63AFFC08-A732-1ABB-312C-6B648F4991CB}.Release|Any CPU.ActiveCfg = Release|Any CPU
		{63AFFC08-A732-1ABB-312C-6B648F4991CB}.Release|Any CPU.Build.0 = Release|Any CPU
		{E82059FD-AD0C-A0A6-3335-A877C738699F}.Debug|Any CPU.ActiveCfg = Debug|Any CPU
		{E82059FD-AD0C-A0A6-3335-A877C738699F}.Debug|Any CPU.Build.0 = Debug|Any CPU
		{E82059FD-AD0C-A0A6-3335-A877C738699F}.Release|Any CPU.ActiveCfg = Release|Any CPU
		{E82059FD-AD0C-A0A6-3335-A877C738699F}.Release|Any CPU.Build.0 = Release|Any CPU
		{30B45CDE-ED9F-1F63-B279-F3EE8A162F88}.Debug|Any CPU.ActiveCfg = Debug|Any CPU
		{30B45CDE-ED9F-1F63-B279-F3EE8A162F88}.Debug|Any CPU.Build.0 = Debug|Any CPU
		{30B45CDE-ED9F-1F63-B279-F3EE8A162F88}.Release|Any CPU.ActiveCfg = Release|Any CPU
		{30B45CDE-ED9F-1F63-B279-F3EE8A162F88}.Release|Any CPU.Build.0 = Release|Any CPU
		{8EA670E8-891B-BF04-0121-8B7EE34B7A28}.Debug|Any CPU.ActiveCfg = Debug|Any CPU
		{8EA670E8-891B-BF04-0121-8B7EE34B7A28}.Debug|Any CPU.Build.0 = Debug|Any CPU
		{8EA670E8-891B-BF04-0121-8B7EE34B7A28}.Release|Any CPU.ActiveCfg = Release|Any CPU
		{8EA670E8-891B-BF04-0121-8B7EE34B7A28}.Release|Any CPU.Build.0 = Release|Any CPU
		{7442A30E-AB43-E178-B444-FBA9377C1DFD}.Debug|Any CPU.ActiveCfg = Debug|Any CPU
		{7442A30E-AB43-E178-B444-FBA9377C1DFD}.Debug|Any CPU.Build.0 = Debug|Any CPU
		{7442A30E-AB43-E178-B444-FBA9377C1DFD}.Release|Any CPU.ActiveCfg = Release|Any CPU
		{7442A30E-AB43-E178-B444-FBA9377C1DFD}.Release|Any CPU.Build.0 = Release|Any CPU
		{DEB1C6A3-0EA6-2135-19D2-F21CDE75C602}.Debug|Any CPU.ActiveCfg = Debug|Any CPU
		{DEB1C6A3-0EA6-2135-19D2-F21CDE75C602}.Debug|Any CPU.Build.0 = Debug|Any CPU
		{DEB1C6A3-0EA6-2135-19D2-F21CDE75C602}.Release|Any CPU.ActiveCfg = Release|Any CPU
		{DEB1C6A3-0EA6-2135-19D2-F21CDE75C602}.Release|Any CPU.Build.0 = Release|Any CPU
		{78721811-3CD7-6424-6BE6-110D3BF11050}.Debug|Any CPU.ActiveCfg = Debug|Any CPU
		{78721811-3CD7-6424-6BE6-110D3BF11050}.Debug|Any CPU.Build.0 = Debug|Any CPU
		{78721811-3CD7-6424-6BE6-110D3BF11050}.Release|Any CPU.ActiveCfg = Release|Any CPU
		{78721811-3CD7-6424-6BE6-110D3BF11050}.Release|Any CPU.Build.0 = Release|Any CPU
		{5F9A77B3-2555-FDC5-6A01-D69D16218CA0}.Debug|Any CPU.ActiveCfg = Debug|Any CPU
		{5F9A77B3-2555-FDC5-6A01-D69D16218CA0}.Debug|Any CPU.Build.0 = Debug|Any CPU
		{5F9A77B3-2555-FDC5-6A01-D69D16218CA0}.Release|Any CPU.ActiveCfg = Release|Any CPU
		{5F9A77B3-2555-FDC5-6A01-D69D16218CA0}.Release|Any CPU.Build.0 = Release|Any CPU
	EndGlobalSection
	GlobalSection(SolutionProperties) = preSolution
		HideSolutionNode = FALSE
	EndGlobalSection
EndGlobal
